
Microsoft Visual Studio Solution File, Format Version 12.00
# Visual Studio Version 17
VisualStudioVersion = 17.9.34728.123
MinimumVisualStudioVersion = 10.0.40219.1
Project("{FAE04EC0-301F-11D3-BF4B-00C04F79EFBC}") = "LinkList", "LinkList\LinkList.csproj", "{22E94C59-53A0-445C-8B7C-7284C2154C5B}"
EndProject
Global
	GlobalSection(SolutionConfigurationPlatforms) = preSolution
		Debug|Any CPU = Debug|Any CPU
		Release|Any CPU = Release|Any CPU
	EndGlobalSection
	GlobalSection(ProjectConfigurationPlatforms) = postSolution
		{22E94C59-53A0-445C-8B7C-7284C2154C5B}.Debug|Any CPU.ActiveCfg = Debug|Any CPU
		{22E94C59-53A0-445C-8B7C-7284C2154C5B}.Debug|Any CPU.Build.0 = Debug|Any CPU
		{22E94C59-53A0-445C-8B7C-7284C2154C5B}.Release|Any CPU.ActiveCfg = Release|Any CPU
		{22E94C59-53A0-445C-8B7C-7284C2154C5B}.Release|Any CPU.Build.0 = Release|Any CPU
	EndGlobalSection
	GlobalSection(SolutionProperties) = preSolution
		HideSolutionNode = FALSE
	EndGlobalSection
	GlobalSection(ExtensibilityGlobals) = postSolution
		SolutionGuid = {98032908-6494-4EE8-8127-C290B8F01E21}
	EndGlobalSection
EndGlobal
